// !$*UTF8*$!
{
	archiveVersion = 1;
	classes = {
	};
	objectVersion = 50;
	objects = {

/* Begin PBXBuildFile section */
		379399542175591B00102273 /* AppDelegate.swift in Sources */ = {isa = PBXBuildFile; fileRef = 379399532175591B00102273 /* AppDelegate.swift */; };
		379399562175591B00102273 /* ViewController.swift in Sources */ = {isa = PBXBuildFile; fileRef = 379399552175591B00102273 /* ViewController.swift */; };
		379399592175591B00102273 /* Main.storyboard in Resources */ = {isa = PBXBuildFile; fileRef = 379399572175591B00102273 /* Main.storyboard */; };
		3793995B2175591C00102273 /* Assets.xcassets in Resources */ = {isa = PBXBuildFile; fileRef = 3793995A2175591C00102273 /* Assets.xcassets */; };
		3793995E2175591C00102273 /* LaunchScreen.storyboard in Resources */ = {isa = PBXBuildFile; fileRef = 3793995C2175591C00102273 /* LaunchScreen.storyboard */; };
		379399692175591C00102273 /* SystemsViewControllerTests.swift in Sources */ = {isa = PBXBuildFile; fileRef = 379399682175591C00102273 /* SystemsViewControllerTests.swift */; };
		379399742175591C00102273 /* SystemsViewControllerUITests.swift in Sources */ = {isa = PBXBuildFile; fileRef = 379399732175591C00102273 /* SystemsViewControllerUITests.swift */; };
/* End PBXBuildFile section */

/* Begin PBXContainerItemProxy section */
		379399652175591C00102273 /* PBXContainerItemProxy */ = {
			isa = PBXContainerItemProxy;
			containerPortal = 379399482175591B00102273 /* Project object */;
			proxyType = 1;
			remoteGlobalIDString = 3793994F2175591B00102273;
			remoteInfo = SystemsViewController;
		};
		379399702175591C00102273 /* PBXContainerItemProxy */ = {
			isa = PBXContainerItemProxy;
			containerPortal = 379399482175591B00102273 /* Project object */;
			proxyType = 1;
			remoteGlobalIDString = 3793994F2175591B00102273;
			remoteInfo = SystemsViewController;
		};
/* End PBXContainerItemProxy section */

/* Begin PBXFileReference section */
		379399502175591B00102273 /* SystemsViewController.app */ = {isa = PBXFileReference; explicitFileType = wrapper.application; includeInIndex = 0; path = SystemsViewController.app; sourceTree = BUILT_PRODUCTS_DIR; };
		379399532175591B00102273 /* AppDelegate.swift */ = {isa = PBXFileReference; lastKnownFileType = sourcecode.swift; path = AppDelegate.swift; sourceTree = "<group>"; };
		379399552175591B00102273 /* ViewController.swift */ = {isa = PBXFileReference; lastKnownFileType = sourcecode.swift; path = ViewController.swift; sourceTree = "<group>"; };
		379399582175591B00102273 /* Base */ = {isa = PBXFileReference; lastKnownFileType = file.storyboard; name = Base; path = Base.lproj/Main.storyboard; sourceTree = "<group>"; };
		3793995A2175591C00102273 /* Assets.xcassets */ = {isa = PBXFileReference; lastKnownFileType = folder.assetcatalog; path = Assets.xcassets; sourceTree = "<group>"; };
		3793995D2175591C00102273 /* Base */ = {isa = PBXFileReference; lastKnownFileType = file.storyboard; name = Base; path = Base.lproj/LaunchScreen.storyboard; sourceTree = "<group>"; };
		3793995F2175591C00102273 /* Info.plist */ = {isa = PBXFileReference; lastKnownFileType = text.plist.xml; path = Info.plist; sourceTree = "<group>"; };
		379399642175591C00102273 /* SystemsViewControllerTests.xctest */ = {isa = PBXFileReference; explicitFileType = wrapper.cfbundle; includeInIndex = 0; path = SystemsViewControllerTests.xctest; sourceTree = BUILT_PRODUCTS_DIR; };
		379399682175591C00102273 /* SystemsViewControllerTests.swift */ = {isa = PBXFileReference; lastKnownFileType = sourcecode.swift; path = SystemsViewControllerTests.swift; sourceTree = "<group>"; };
		3793996A2175591C00102273 /* Info.plist */ = {isa = PBXFileReference; lastKnownFileType = text.plist.xml; path = Info.plist; sourceTree = "<group>"; };
		3793996F2175591C00102273 /* SystemsViewControllerUITests.xctest */ = {isa = PBXFileReference; explicitFileType = wrapper.cfbundle; includeInIndex = 0; path = SystemsViewControllerUITests.xctest; sourceTree = BUILT_PRODUCTS_DIR; };
		379399732175591C00102273 /* SystemsViewControllerUITests.swift */ = {isa = PBXFileReference; lastKnownFileType = sourcecode.swift; path = SystemsViewControllerUITests.swift; sourceTree = "<group>"; };
		379399752175591C00102273 /* Info.plist */ = {isa = PBXFileReference; lastKnownFileType = text.plist.xml; path = Info.plist; sourceTree = "<group>"; };
/* End PBXFileReference section */

/* Begin PBXFrameworksBuildPhase section */
		3793994D2175591B00102273 /* Frameworks */ = {
			isa = PBXFrameworksBuildPhase;
			buildActionMask = 2147483647;
			files = (
			);
			runOnlyForDeploymentPostprocessing = 0;
		};
		379399612175591C00102273 /* Frameworks */ = {
			isa = PBXFrameworksBuildPhase;
			buildActionMask = 2147483647;
			files = (
			);
			runOnlyForDeploymentPostprocessing = 0;
		};
		3793996C2175591C00102273 /* Frameworks */ = {
			isa = PBXFrameworksBuildPhase;
			buildActionMask = 2147483647;
			files = (
			);
			runOnlyForDeploymentPostprocessing = 0;
		};
/* End PBXFrameworksBuildPhase section */

/* Begin PBXGroup section */
		379399472175591B00102273 = {
			isa = PBXGroup;
			children = (
				379399522175591B00102273 /* SystemsViewController */,
				379399672175591C00102273 /* SystemsViewControllerTests */,
				379399722175591C00102273 /* SystemsViewControllerUITests */,
				379399512175591B00102273 /* Products */,
			);
			sourceTree = "<group>";
		};
		379399512175591B00102273 /* Products */ = {
			isa = PBXGroup;
			children = (
				379399502175591B00102273 /* SystemsViewController.app */,
				379399642175591C00102273 /* SystemsViewControllerTests.xctest */,
				3793996F2175591C00102273 /* SystemsViewControllerUITests.xctest */,
			);
			name = Products;
			sourceTree = "<group>";
		};
		379399522175591B00102273 /* SystemsViewController */ = {
			isa = PBXGroup;
			children = (
				379399532175591B00102273 /* AppDelegate.swift */,
				379399552175591B00102273 /* ViewController.swift */,
				379399572175591B00102273 /* Main.storyboard */,
				3793995A2175591C00102273 /* Assets.xcassets */,
				3793995C2175591C00102273 /* LaunchScreen.storyboard */,
				3793995F2175591C00102273 /* Info.plist */,
			);
			path = SystemsViewController;
			sourceTree = "<group>";
		};
		379399672175591C00102273 /* SystemsViewControllerTests */ = {
			isa = PBXGroup;
			children = (
				379399682175591C00102273 /* SystemsViewControllerTests.swift */,
				3793996A2175591C00102273 /* Info.plist */,
			);
			path = SystemsViewControllerTests;
			sourceTree = "<group>";
		};
		379399722175591C00102273 /* SystemsViewControllerUITests */ = {
			isa = PBXGroup;
			children = (
				379399732175591C00102273 /* SystemsViewControllerUITests.swift */,
				379399752175591C00102273 /* Info.plist */,
			);
			path = SystemsViewControllerUITests;
			sourceTree = "<group>";
		};
/* End PBXGroup section */

/* Begin PBXNativeTarget section */
		3793994F2175591B00102273 /* SystemsViewController */ = {
			isa = PBXNativeTarget;
			buildConfigurationList = 379399782175591C00102273 /* Build configuration list for PBXNativeTarget "SystemsViewController" */;
			buildPhases = (
				3793994C2175591B00102273 /* Sources */,
				3793994D2175591B00102273 /* Frameworks */,
				3793994E2175591B00102273 /* Resources */,
			);
			buildRules = (
			);
			dependencies = (
			);
			name = SystemsViewController;
			productName = SystemsViewController;
			productReference = 379399502175591B00102273 /* SystemsViewController.app */;
			productType = "com.apple.product-type.application";
		};
		379399632175591C00102273 /* SystemsViewControllerTests */ = {
			isa = PBXNativeTarget;
			buildConfigurationList = 3793997B2175591C00102273 /* Build configuration list for PBXNativeTarget "SystemsViewControllerTests" */;
			buildPhases = (
				379399602175591C00102273 /* Sources */,
				379399612175591C00102273 /* Frameworks */,
				379399622175591C00102273 /* Resources */,
			);
			buildRules = (
			);
			dependencies = (
				379399662175591C00102273 /* PBXTargetDependency */,
			);
			name = SystemsViewControllerTests;
			productName = SystemsViewControllerTests;
			productReference = 379399642175591C00102273 /* SystemsViewControllerTests.xctest */;
			productType = "com.apple.product-type.bundle.unit-test";
		};
		3793996E2175591C00102273 /* SystemsViewControllerUITests */ = {
			isa = PBXNativeTarget;
			buildConfigurationList = 3793997E2175591C00102273 /* Build configuration list for PBXNativeTarget "SystemsViewControllerUITests" */;
			buildPhases = (
				3793996B2175591C00102273 /* Sources */,
				3793996C2175591C00102273 /* Frameworks */,
				3793996D2175591C00102273 /* Resources */,
			);
			buildRules = (
			);
			dependencies = (
				379399712175591C00102273 /* PBXTargetDependency */,
			);
			name = SystemsViewControllerUITests;
			productName = SystemsViewControllerUITests;
			productReference = 3793996F2175591C00102273 /* SystemsViewControllerUITests.xctest */;
			productType = "com.apple.product-type.bundle.ui-testing";
		};
/* End PBXNativeTarget section */

/* Begin PBXProject section */
		379399482175591B00102273 /* Project object */ = {
			isa = PBXProject;
			attributes = {
				LastSwiftUpdateCheck = 1000;
				LastUpgradeCheck = 1000;
				ORGANIZATIONNAME = "Reid, Jon Carl";
				TargetAttributes = {
					3793994F2175591B00102273 = {
						CreatedOnToolsVersion = 10.0;
					};
					379399632175591C00102273 = {
						CreatedOnToolsVersion = 10.0;
						TestTargetID = 3793994F2175591B00102273;
					};
					3793996E2175591C00102273 = {
						CreatedOnToolsVersion = 10.0;
						TestTargetID = 3793994F2175591B00102273;
					};
				};
			};
			buildConfigurationList = 3793994B2175591B00102273 /* Build configuration list for PBXProject "SystemsViewController" */;
			compatibilityVersion = "Xcode 9.3";
			developmentRegion = en;
			hasScannedForEncodings = 0;
			knownRegions = (
				en,
				Base,
			);
			mainGroup = 379399472175591B00102273;
			productRefGroup = 379399512175591B00102273 /* Products */;
			projectDirPath = "";
			projectRoot = "";
			targets = (
				3793994F2175591B00102273 /* SystemsViewController */,
				379399632175591C00102273 /* SystemsViewControllerTests */,
				3793996E2175591C00102273 /* SystemsViewControllerUITests */,
			);
		};
/* End PBXProject section */

/* Begin PBXResourcesBuildPhase section */
		3793994E2175591B00102273 /* Resources */ = {
			isa = PBXResourcesBuildPhase;
			buildActionMask = 2147483647;
			files = (
				3793995E2175591C00102273 /* LaunchScreen.storyboard in Resources */,
				3793995B2175591C00102273 /* Assets.xcassets in Resources */,
				379399592175591B00102273 /* Main.storyboard in Resources */,
			);
			runOnlyForDeploymentPostprocessing = 0;
		};
		379399622175591C00102273 /* Resources */ = {
			isa = PBXResourcesBuildPhase;
			buildActionMask = 2147483647;
			files = (
			);
			runOnlyForDeploymentPostprocessing = 0;
		};
		3793996D2175591C00102273 /* Resources */ = {
			isa = PBXResourcesBuildPhase;
			buildActionMask = 2147483647;
			files = (
			);
			runOnlyForDeploymentPostprocessing = 0;
		};
/* End PBXResourcesBuildPhase section */

/* Begin PBXSourcesBuildPhase section */
		3793994C2175591B00102273 /* Sources */ = {
			isa = PBXSourcesBuildPhase;
			buildActionMask = 2147483647;
			files = (
				379399562175591B00102273 /* ViewController.swift in Sources */,
				379399542175591B00102273 /* AppDelegate.swift in Sources */,
			);
			runOnlyForDeploymentPostprocessing = 0;
		};
		379399602175591C00102273 /* Sources */ = {
			isa = PBXSourcesBuildPhase;
			buildActionMask = 2147483647;
			files = (
				379399692175591C00102273 /* SystemsViewControllerTests.swift in Sources */,
			);
			runOnlyForDeploymentPostprocessing = 0;
		};
		3793996B2175591C00102273 /* Sources */ = {
			isa = PBXSourcesBuildPhase;
			buildActionMask = 2147483647;
			files = (
				379399742175591C00102273 /* SystemsViewControllerUITests.swift in Sources */,
			);
			runOnlyForDeploymentPostprocessing = 0;
		};
/* End PBXSourcesBuildPhase section */

/* Begin PBXTargetDependency section */
		379399662175591C00102273 /* PBXTargetDependency */ = {
			isa = PBXTargetDependency;
			target = 3793994F2175591B00102273 /* SystemsViewController */;
			targetProxy = 379399652175591C00102273 /* PBXContainerItemProxy */;
		};
		379399712175591C00102273 /* PBXTargetDependency */ = {
			isa = PBXTargetDependency;
			target = 3793994F2175591B00102273 /* SystemsViewController */;
			targetProxy = 379399702175591C00102273 /* PBXContainerItemProxy */;
		};
/* End PBXTargetDependency section */

/* Begin PBXVariantGroup section */
		379399572175591B00102273 /* Main.storyboard */ = {
			isa = PBXVariantGroup;
			children = (
				379399582175591B00102273 /* Base */,
			);
			name = Main.storyboard;
			sourceTree = "<group>";
		};
		3793995C2175591C00102273 /* LaunchScreen.storyboard */ = {
			isa = PBXVariantGroup;
			children = (
				3793995D2175591C00102273 /* Base */,
			);
			name = LaunchScreen.storyboard;
			sourceTree = "<group>";
		};
/* End PBXVariantGroup section */

/* Begin XCBuildConfiguration section */
		379399762175591C00102273 /* Debug */ = {
			isa = XCBuildConfiguration;
			buildSettings = {
				ALWAYS_SEARCH_USER_PATHS = NO;
				CLANG_ANALYZER_NONNULL = YES;
				CLANG_ANALYZER_NUMBER_OBJECT_CONVERSION = YES_AGGRESSIVE;
				CLANG_CXX_LANGUAGE_STANDARD = "gnu++14";
				CLANG_CXX_LIBRARY = "libc++";
				CLANG_ENABLE_MODULES = YES;
				CLANG_ENABLE_OBJC_ARC = YES;
				CLANG_ENABLE_OBJC_WEAK = YES;
				CLANG_WARN_BLOCK_CAPTURE_AUTORELEASING = YES;
				CLANG_WARN_BOOL_CONVERSION = YES;
				CLANG_WARN_COMMA = YES;
				CLANG_WARN_CONSTANT_CONVERSION = YES;
				CLANG_WARN_DEPRECATED_OBJC_IMPLEMENTATIONS = YES;
				CLANG_WARN_DIRECT_OBJC_ISA_USAGE = YES_ERROR;
				CLANG_WARN_DOCUMENTATION_COMMENTS = YES;
				CLANG_WARN_EMPTY_BODY = YES;
				CLANG_WARN_ENUM_CONVERSION = YES;
				CLANG_WARN_INFINITE_RECURSION = YES;
				CLANG_WARN_INT_CONVERSION = YES;
				CLANG_WARN_NON_LITERAL_NULL_CONVERSION = YES;
				CLANG_WARN_OBJC_IMPLICIT_RETAIN_SELF = YES;
				CLANG_WARN_OBJC_LITERAL_CONVERSION = YES;
				CLANG_WARN_OBJC_ROOT_CLASS = YES_ERROR;
				CLANG_WARN_RANGE_LOOP_ANALYSIS = YES;
				CLANG_WARN_STRICT_PROTOTYPES = YES;
				CLANG_WARN_SUSPICIOUS_MOVE = YES;
				CLANG_WARN_UNGUARDED_AVAILABILITY = YES_AGGRESSIVE;
				CLANG_WARN_UNREACHABLE_CODE = YES;
				CLANG_WARN__DUPLICATE_METHOD_MATCH = YES;
				CODE_SIGN_IDENTITY = "iPhone Developer";
				COPY_PHASE_STRIP = NO;
				DEBUG_INFORMATION_FORMAT = dwarf;
				ENABLE_STRICT_OBJC_MSGSEND = YES;
				ENABLE_TESTABILITY = YES;
				GCC_C_LANGUAGE_STANDARD = gnu11;
				GCC_DYNAMIC_NO_PIC = NO;
				GCC_NO_COMMON_BLOCKS = YES;
				GCC_OPTIMIZATION_LEVEL = 0;
				GCC_PREPROCESSOR_DEFINITIONS = (
					"DEBUG=1",
					"$(inherited)",
				);
				GCC_WARN_64_TO_32_BIT_CONVERSION = YES;
				GCC_WARN_ABOUT_RETURN_TYPE = YES_ERROR;
				GCC_WARN_UNDECLARED_SELECTOR = YES;
				GCC_WARN_UNINITIALIZED_AUTOS = YES_AGGRESSIVE;
				GCC_WARN_UNUSED_FUNCTION = YES;
				GCC_WARN_UNUSED_VARIABLE = YES;
				IPHONEOS_DEPLOYMENT_TARGET = 12.0;
				MTL_ENABLE_DEBUG_INFO = INCLUDE_SOURCE;
				MTL_FAST_MATH = YES;
				ONLY_ACTIVE_ARCH = YES;
				SDKROOT = iphoneos;
				SWIFT_ACTIVE_COMPILATION_CONDITIONS = DEBUG;
				SWIFT_OPTIMIZATION_LEVEL = "-Onone";
			};
			name = Debug;
		};
		379399772175591C00102273 /* Release */ = {
			isa = XCBuildConfiguration;
			buildSettings = {
				ALWAYS_SEARCH_USER_PATHS = NO;
				CLANG_ANALYZER_NONNULL = YES;
				CLANG_ANALYZER_NUMBER_OBJECT_CONVERSION = YES_AGGRESSIVE;
				CLANG_CXX_LANGUAGE_STANDARD = "gnu++14";
				CLANG_CXX_LIBRARY = "libc++";
				CLANG_ENABLE_MODULES = YES;
				CLANG_ENABLE_OBJC_ARC = YES;
				CLANG_ENABLE_OBJC_WEAK = YES;
				CLANG_WARN_BLOCK_CAPTURE_AUTORELEASING = YES;
				CLANG_WARN_BOOL_CONVERSION = YES;
				CLANG_WARN_COMMA = YES;
				CLANG_WARN_CONSTANT_CONVERSION = YES;
				CLANG_WARN_DEPRECATED_OBJC_IMPLEMENTATIONS = YES;
				CLANG_WARN_DIRECT_OBJC_ISA_USAGE = YES_ERROR;
				CLANG_WARN_DOCUMENTATION_COMMENTS = YES;
				CLANG_WARN_EMPTY_BODY = YES;
				CLANG_WARN_ENUM_CONVERSION = YES;
				CLANG_WARN_INFINITE_RECURSION = YES;
				CLANG_WARN_INT_CONVERSION = YES;
				CLANG_WARN_NON_LITERAL_NULL_CONVERSION = YES;
				CLANG_WARN_OBJC_IMPLICIT_RETAIN_SELF = YES;
				CLANG_WARN_OBJC_LITERAL_CONVERSION = YES;
				CLANG_WARN_OBJC_ROOT_CLASS = YES_ERROR;
				CLANG_WARN_RANGE_LOOP_ANALYSIS = YES;
				CLANG_WARN_STRICT_PROTOTYPES = YES;
				CLANG_WARN_SUSPICIOUS_MOVE = YES;
				CLANG_WARN_UNGUARDED_AVAILABILITY = YES_AGGRESSIVE;
				CLANG_WARN_UNREACHABLE_CODE = YES;
				CLANG_WARN__DUPLICATE_METHOD_MATCH = YES;
				CODE_SIGN_IDENTITY = "iPhone Developer";
				COPY_PHASE_STRIP = NO;
				DEBUG_INFORMATION_FORMAT = "dwarf-with-dsym";
				ENABLE_NS_ASSERTIONS = NO;
				ENABLE_STRICT_OBJC_MSGSEND = YES;
				GCC_C_LANGUAGE_STANDARD = gnu11;
				GCC_NO_COMMON_BLOCKS = YES;
				GCC_WARN_64_TO_32_BIT_CONVERSION = YES;
				GCC_WARN_ABOUT_RETURN_TYPE = YES_ERROR;
				GCC_WARN_UNDECLARED_SELECTOR = YES;
				GCC_WARN_UNINITIALIZED_AUTOS = YES_AGGRESSIVE;
				GCC_WARN_UNUSED_FUNCTION = YES;
				GCC_WARN_UNUSED_VARIABLE = YES;
				IPHONEOS_DEPLOYMENT_TARGET = 12.0;
				MTL_ENABLE_DEBUG_INFO = NO;
				MTL_FAST_MATH = YES;
				SDKROOT = iphoneos;
				SWIFT_COMPILATION_MODE = wholemodule;
				SWIFT_OPTIMIZATION_LEVEL = "-O";
				VALIDATE_PRODUCT = YES;
			};
			name = Release;
		};
		379399792175591C00102273 /* Debug */ = {
			isa = XCBuildConfiguration;
			buildSettings = {
				ASSETCATALOG_COMPILER_APPICON_NAME = AppIcon;
				CODE_SIGN_STYLE = Automatic;
				DEVELOPMENT_TEAM = 3JWCX4D456;
				INFOPLIST_FILE = SystemsViewController/Info.plist;
				LD_RUNPATH_SEARCH_PATHS = (
					"$(inherited)",
					"@executable_path/Frameworks",
				);
				PRODUCT_BUNDLE_IDENTIFIER = main.SystemsViewController;
				PRODUCT_NAME = "$(TARGET_NAME)";
				SWIFT_VERSION = 4.2;
				TARGETED_DEVICE_FAMILY = "1,2";
			};
			name = Debug;
		};
		3793997A2175591C00102273 /* Release */ = {
			isa = XCBuildConfiguration;
			buildSettings = {
				ASSETCATALOG_COMPILER_APPICON_NAME = AppIcon;
				CODE_SIGN_STYLE = Automatic;
				DEVELOPMENT_TEAM = 3JWCX4D456;
				INFOPLIST_FILE = SystemsViewController/Info.plist;
				LD_RUNPATH_SEARCH_PATHS = (
					"$(inherited)",
					"@executable_path/Frameworks",
				);
				PRODUCT_BUNDLE_IDENTIFIER = main.SystemsViewController;
				PRODUCT_NAME = "$(TARGET_NAME)";
				SWIFT_VERSION = 4.2;
				TARGETED_DEVICE_FAMILY = "1,2";
			};
			name = Release;
		};
		3793997C2175591C00102273 /* Debug */ = {
			isa = XCBuildConfiguration;
			buildSettings = {
				ALWAYS_EMBED_SWIFT_STANDARD_LIBRARIES = YES;
				BUNDLE_LOADER = "$(TEST_HOST)";
				CODE_SIGN_STYLE = Automatic;
				DEVELOPMENT_TEAM = 3JWCX4D456;
				INFOPLIST_FILE = SystemsViewControllerTests/Info.plist;
				LD_RUNPATH_SEARCH_PATHS = (
					"$(inherited)",
					"@executable_path/Frameworks",
					"@loader_path/Frameworks",
				);
				PRODUCT_BUNDLE_IDENTIFIER = main.SystemsViewControllerTests;
				PRODUCT_NAME = "$(TARGET_NAME)";
				SWIFT_VERSION = 4.2;
				TARGETED_DEVICE_FAMILY = "1,2";
				TEST_HOST = "$(BUILT_PRODUCTS_DIR)/SystemsViewController.app/SystemsViewController";
			};
			name = Debug;
		};
		3793997D2175591C00102273 /* Release */ = {
			isa = XCBuildConfiguration;
			buildSettings = {
				ALWAYS_EMBED_SWIFT_STANDARD_LIBRARIES = YES;
				BUNDLE_LOADER = "$(TEST_HOST)";
				CODE_SIGN_STYLE = Automatic;
				DEVELOPMENT_TEAM = 3JWCX4D456;
				INFOPLIST_FILE = SystemsViewControllerTests/Info.plist;
				LD_RUNPATH_SEARCH_PATHS = (
					"$(inherited)",
					"@executable_path/Frameworks",
					"@loader_path/Frameworks",
				);
				PRODUCT_BUNDLE_IDENTIFIER = main.SystemsViewControllerTests;
				PRODUCT_NAME = "$(TARGET_NAME)";
				SWIFT_VERSION = 4.2;
				TARGETED_DEVICE_FAMILY = "1,2";
				TEST_HOST = "$(BUILT_PRODUCTS_DIR)/SystemsViewController.app/SystemsViewController";
			};
			name = Release;
		};
		3793997F2175591C00102273 /* Debug */ = {
			isa = XCBuildConfiguration;
			buildSettings = {
				ALWAYS_EMBED_SWIFT_STANDARD_LIBRARIES = YES;
				CODE_SIGN_STYLE = Automatic;
				DEVELOPMENT_TEAM = 3JWCX4D456;
				INFOPLIST_FILE = SystemsViewControllerUITests/Info.plist;
				LD_RUNPATH_SEARCH_PATHS = (
					"$(inherited)",
					"@executable_path/Frameworks",
					"@loader_path/Frameworks",
				);
				PRODUCT_BUNDLE_IDENTIFIER = main.SystemsViewControllerUITests;
				PRODUCT_NAME = "$(TARGET_NAME)";
				SWIFT_VERSION = 4.2;
				TARGETED_DEVICE_FAMILY = "1,2";
				TEST_TARGET_NAME = SystemsViewController;
			};
			name = Debug;
		};
		379399802175591C00102273 /* Release */ = {
			isa = XCBuildConfiguration;
			buildSettings = {
				ALWAYS_EMBED_SWIFT_STANDARD_LIBRARIES = YES;
				CODE_SIGN_STYLE = Automatic;
				DEVELOPMENT_TEAM = 3JWCX4D456;
				INFOPLIST_FILE = SystemsViewControllerUITests/Info.plist;
				LD_RUNPATH_SEARCH_PATHS = (
					"$(inherited)",
					"@executable_path/Frameworks",
					"@loader_path/Frameworks",
				);
				PRODUCT_BUNDLE_IDENTIFIER = main.SystemsViewControllerUITests;
				PRODUCT_NAME = "$(TARGET_NAME)";
				SWIFT_VERSION = 4.2;
				TARGETED_DEVICE_FAMILY = "1,2";
				TEST_TARGET_NAME = SystemsViewController;
			};
			name = Release;
		};
/* End XCBuildConfiguration section */

/* Begin XCConfigurationList section */
		3793994B2175591B00102273 /* Build configuration list for PBXProject "SystemsViewController" */ = {
			isa = XCConfigurationList;
			buildConfigurations = (
				379399762175591C00102273 /* Debug */,
				379399772175591C00102273 /* Release */,
			);
			defaultConfigurationIsVisible = 0;
			defaultConfigurationName = Release;
		};
		379399782175591C00102273 /* Build configuration list for PBXNativeTarget "SystemsViewController" */ = {
			isa = XCConfigurationList;
			buildConfigurations = (
				379399792175591C00102273 /* Debug */,
				3793997A2175591C00102273 /* Release */,
			);
			defaultConfigurationIsVisible = 0;
			defaultConfigurationName = Release;
		};
		3793997B2175591C00102273 /* Build configuration list for PBXNativeTarget "SystemsViewControllerTests" */ = {
			isa = XCConfigurationList;
			buildConfigurations = (
				3793997C2175591C00102273 /* Debug */,
				3793997D2175591C00102273 /* Release */,
			);
			defaultConfigurationIsVisible = 0;
			defaultConfigurationName = Release;
		};
		3793997E2175591C00102273 /* Build configuration list for PBXNativeTarget "SystemsViewControllerUITests" */ = {
			isa = XCConfigurationList;
			buildConfigurations = (
				3793997F2175591C00102273 /* Debug */,
				379399802175591C00102273 /* Release */,
			);
			defaultConfigurationIsVisible = 0;
			defaultConfigurationName = Release;
		};
/* End XCConfigurationList section */
	};
	rootObject = 379399482175591B00102273 /* Project object */;
}
